
Microsoft Visual Studio Solution File, Format Version 12.00
# Visual Studio Version 18
VisualStudioVersion = 18.3.11222.16
MinimumVisualStudioVersion = 10.0.40219.1
Project("{9A19103F-16F7-4668-BE54-9A1E7A4F7556}") = "Aeroverra.StreamDeck.NestControl", "Tech.Aerove.StreamDeck.NestControl\Aeroverra.StreamDeck.NestControl.csproj", "{681177F5-D4DE-456D-8B6A-8D30573201EF}"
EndProject
Project("{9A19103F-16F7-4668-BE54-9A1E7A4F7556}") = "Aerove Apis Internal Client", "..\Aerove-Apis\Aerove Apis Internal\Aerove Apis Internal Client\Aerove Apis Internal Client.csproj", "{28DD0415-8469-48A5-AF4D-E9467B9C0A33}"
EndProject
Project("{FAE04EC0-301F-11D3-BF4B-00C04F79EFBC}") = "Aeroverra.StreamDeck.Client", "..\Stream-Deck-CSharp-Client\Aeroverra.StreamDeck.Client\Aeroverra.StreamDeck.Client.csproj", "{636596F2-7426-2A22-6F09-A4105FE8DB00}"
EndProject
Global
	GlobalSection(SolutionConfigurationPlatforms) = preSolution
		Debug|Any CPU = Debug|Any CPU
		Release|Any CPU = Release|Any CPU
	EndGlobalSection
	GlobalSection(ProjectConfigurationPlatforms) = postSolution
		{681177F5-D4DE-456D-8B6A-8D30573201EF}.Debug|Any CPU.ActiveCfg = Debug|Any CPU
		{681177F5-D4DE-456D-8B6A-8D30573201EF}.Debug|Any CPU.Build.0 = Debug|Any CPU
		{681177F5-D4DE-456D-8B6A-8D30573201EF}.Release|Any CPU.ActiveCfg = Release|Any CPU
		{681177F5-D4DE-456D-8B6A-8D30573201EF}.Release|Any CPU.Build.0 = Release|Any CPU
		{28DD0415-8469-48A5-AF4D-E9467B9C0A33}.Debug|Any CPU.ActiveCfg = Debug|Any CPU
		{28DD0415-8469-48A5-AF4D-E9467B9C0A33}.Debug|Any CPU.Build.0 = Debug|Any CPU
		{28DD0415-8469-48A5-AF4D-E9467B9C0A33}.Release|Any CPU.ActiveCfg = Release|Any CPU
		{28DD0415-8469-48A5-AF4D-E9467B9C0A33}.Release|Any CPU.Build.0 = Release|Any CPU
		{636596F2-7426-2A22-6F09-A4105FE8DB00}.Debug|Any CPU.ActiveCfg = Debug|Any CPU
		{636596F2-7426-2A22-6F09-A4105FE8DB00}.Debug|Any CPU.Build.0 = Debug|Any CPU
		{636596F2-7426-2A22-6F09-A4105FE8DB00}.Release|Any CPU.ActiveCfg = Release|Any CPU
		{636596F2-7426-2A22-6F09-A4105FE8DB00}.Release|Any CPU.Build.0 = Release|Any CPU
	EndGlobalSection
	GlobalSection(SolutionProperties) = preSolution
		HideSolutionNode = FALSE
	EndGlobalSection
	GlobalSection(ExtensibilityGlobals) = postSolution
		SolutionGuid = {2CEEE1EA-3F9A-459C-8836-234D755A556B}
	EndGlobalSection
EndGlobal
